
Microsoft Visual Studio Solution File, Format Version 12.00
# Visual Studio Version 17
VisualStudioVersion = 17.7.34031.279
MinimumVisualStudioVersion = 10.0.40219.1
Project("{2150E333-8FDC-42A3-9474-1A3956D46DE8}") = "Solution Items", "Solution Items", "{034DE4FB-D60B-41D3-8E64-074D9D7296E4}"
	ProjectSection(SolutionItems) = preProject
		..\.gitignore = ..\.gitignore
		readme.md = readme.md
	EndProjectSection
EndProject
Project("{2150E333-8FDC-42A3-9474-1A3956D46DE8}") = "Src", "Src", "{AB572923-2162-4954-BD87-04E76B30D6A9}"
EndProject
Project("{2150E333-8FDC-42A3-9474-1A3956D46DE8}") = "1. Enterprise Business Rules", "1. Enterprise Business Rules", "{5CD46B30-848C-4B7D-ACDE-C2A8F7E2D8C1}"
EndProject
Project("{2150E333-8FDC-42A3-9474-1A3956D46DE8}") = "2. Application Business Rules", "2. Application Business Rules", "{18E5FB68-0B4F-4C10-98AC-33B78535BF28}"
EndProject
Project("{2150E333-8FDC-42A3-9474-1A3956D46DE8}") = "3. Interface Adapters", "3. Interface Adapters", "{B3A142A0-5583-449E-8138-BED62B663C14}"
EndProject
Project("{2150E333-8FDC-42A3-9474-1A3956D46DE8}") = "4. Frameworks And Drivers", "4. Frameworks And Drivers", "{3F21D68F-4D36-4A50-9803-1250BD1A4637}"
EndProject
Project("{2150E333-8FDC-42A3-9474-1A3956D46DE8}") = "BusinessObjects", "BusinessObjects", "{9FDD1CB8-8C4C-48C8-8C70-1234A2F3F6A1}"
EndProject
Project("{2150E333-8FDC-42A3-9474-1A3956D46DE8}") = "Controllers", "Controllers", "{A47F2A32-2DD2-4293-9523-0501CF5273E5}"
EndProject
Project("{2150E333-8FDC-42A3-9474-1A3956D46DE8}") = "Gateways", "Gateways", "{EDF5F083-860A-4D1E-A221-9AC0BFD1A485}"
EndProject
Project("{2150E333-8FDC-42A3-9474-1A3956D46DE8}") = "IoCs", "IoCs", "{5573C536-9407-41A9-A61D-A078F7995360}"
EndProject
Project("{9A19103F-16F7-4668-BE54-9A1E7A4F7556}") = "MyApp.Backend.BussinessObjects", "MyApp.Backend.BussinessObjects\MyApp.Backend.BussinessObjects.csproj", "{12E045C0-6065-4BFC-A0ED-782CFA93D870}"
EndProject
Project("{9A19103F-16F7-4668-BE54-9A1E7A4F7556}") = "MyApp.Frontend.BusinessObjects", "MyApp.Frontend.BusinessObjects\MyApp.Frontend.BusinessObjects.csproj", "{7F04B748-45E4-4F7A-9CC2-1E3419FDC7C5}"
EndProject
Project("{9A19103F-16F7-4668-BE54-9A1E7A4F7556}") = "MyApp.Shared.BusinessObjects", "MyApp.Shared.BusinessObjects\MyApp.Shared.BusinessObjects.csproj", "{F3FCA081-9577-471D-AA74-B3A9ECA224CA}"
EndProject
Project("{9A19103F-16F7-4668-BE54-9A1E7A4F7556}") = "MyApp.Controllers", "MyApp.Controllers\MyApp.Controllers.csproj", "{1079035B-3182-42A5-B39C-02D758C148D1}"
EndProject
Project("{9A19103F-16F7-4668-BE54-9A1E7A4F7556}") = "MyApp.Backend.IoC", "MyApp.Backend.IoC\MyApp.Backend.IoC.csproj", "{430F66A9-E385-46CF-93C0-FC71130BFEF0}"
EndProject
Project("{2150E333-8FDC-42A3-9474-1A3956D46DE8}") = "UIs", "UIs", "{C1099D89-BF48-41D6-BF58-74BB1083F4E6}"
EndProject
Project("{9A19103F-16F7-4668-BE54-9A1E7A4F7556}") = "MyApp.WebApi", "MyApp.WebApi\MyApp.WebApi.csproj", "{9A37E904-E486-4F76-A41E-720E71C0F100}"
EndProject
Project("{9A19103F-16F7-4668-BE54-9A1E7A4F7556}") = "MyApp.Shared.Validators", "MyApp.Shared.Validators\MyApp.Shared.Validators.csproj", "{12CCC92B-9B91-4280-9C4B-3A4F24E207CE}"
EndProject
Project("{9A19103F-16F7-4668-BE54-9A1E7A4F7556}") = "MyApp.UseCases", "MyApp.UseCases\MyApp.UseCases.csproj", "{99BB2B97-7B19-4500-B68B-07BB17855A78}"
EndProject
Project("{2150E333-8FDC-42A3-9474-1A3956D46DE8}") = "Repositories", "Repositories", "{3F7E8C34-FAB1-42BE-9627-9DC6559D6977}"
EndProject
Project("{2150E333-8FDC-42A3-9474-1A3956D46DE8}") = "WebApiGateways", "WebApiGateways", "{DF833E4E-C2A8-4BC9-8340-71452CD7AC5F}"
EndProject
Project("{9A19103F-16F7-4668-BE54-9A1E7A4F7556}") = "MyApp.EFCore.Repositories", "MyApp.EFCore.Repositories\MyApp.EFCore.Repositories.csproj", "{94D41A20-334D-4B10-839B-BB333356743A}"
EndProject
Project("{9A19103F-16F7-4668-BE54-9A1E7A4F7556}") = "MyApp.WebApiGateways", "MyApp.WebApiGateways\MyApp.WebApiGateways.csproj", "{22CC1E67-532E-46D9-B58C-79EC6D5AF56B}"
EndProject
Project("{2150E333-8FDC-42A3-9474-1A3956D46DE8}") = "Exceptions", "Exceptions", "{47585881-E740-422E-9062-8D795EDA606D}"
EndProject
Project("{9A19103F-16F7-4668-BE54-9A1E7A4F7556}") = "CustomExceptions", "CustomExceptions\CustomExceptions.csproj", "{D6C45339-7F99-405A-A2ED-4536B2C8C664}"
EndProject
Project("{2150E333-8FDC-42A3-9474-1A3956D46DE8}") = "Core", "Core", "{72FFA9FD-0373-4F67-BB9F-627B4C634ACD}"
EndProject
Project("{9A19103F-16F7-4668-BE54-9A1E7A4F7556}") = "Core.Entities", "Core.Entities\Core.Entities.csproj", "{34B3052B-32F1-4E07-BEA3-021316E9B311}"
EndProject
Project("{9A19103F-16F7-4668-BE54-9A1E7A4F7556}") = "CustomExceptions.HandlerMiddleware", "CustomExceptions.HandlerMiddleware\CustomExceptions.HandlerMiddleware.csproj", "{2E851E4D-A7FE-48DF-B992-6A258C87D6F5}"
EndProject
Project("{2150E333-8FDC-42A3-9474-1A3956D46DE8}") = "Presenters", "Presenters", "{133E09A9-7CD7-4D14-97DC-126B4FCE082C}"
EndProject
Project("{FAE04EC0-301F-11D3-BF4B-00C04F79EFBC}") = "MyApp.Presenters", "MyApp.Presenters\MyApp.Presenters.csproj", "{40F1E5D6-0BA2-4244-BC8C-41AA5710C651}"
EndProject
Project("{FAE04EC0-301F-11D3-BF4B-00C04F79EFBC}") = "MyApp.Services", "MyApp.Services\MyApp.Services.csproj", "{C8637385-B3E0-41D0-AE54-5A4725C5E4D2}"
EndProject
Project("{2150E333-8FDC-42A3-9474-1A3956D46DE8}") = "Services", "Services", "{4BBA0EB6-B38C-4104-AC19-14AD10EA0BAF}"
EndProject
Global
	GlobalSection(SolutionConfigurationPlatforms) = preSolution
		Debug|Any CPU = Debug|Any CPU
		Release|Any CPU = Release|Any CPU
	EndGlobalSection
	GlobalSection(ProjectConfigurationPlatforms) = postSolution
		{12E045C0-6065-4BFC-A0ED-782CFA93D870}.Debug|Any CPU.ActiveCfg = Debug|Any CPU
		{12E045C0-6065-4BFC-A0ED-782CFA93D870}.Debug|Any CPU.Build.0 = Debug|Any CPU
		{12E045C0-6065-4BFC-A0ED-782CFA93D870}.Release|Any CPU.ActiveCfg = Release|Any CPU
		{12E045C0-6065-4BFC-A0ED-782CFA93D870}.Release|Any CPU.Build.0 = Release|Any CPU
		{7F04B748-45E4-4F7A-9CC2-1E3419FDC7C5}.Debug|Any CPU.ActiveCfg = Debug|Any CPU
		{7F04B748-45E4-4F7A-9CC2-1E3419FDC7C5}.Debug|Any CPU.Build.0 = Debug|Any CPU
		{7F04B748-45E4-4F7A-9CC2-1E3419FDC7C5}.Release|Any CPU.ActiveCfg = Release|Any CPU
		{7F04B748-45E4-4F7A-9CC2-1E3419FDC7C5}.Release|Any CPU.Build.0 = Release|Any CPU
		{F3FCA081-9577-471D-AA74-B3A9ECA224CA}.Debug|Any CPU.ActiveCfg = Debug|Any CPU
		{F3FCA081-9577-471D-AA74-B3A9ECA224CA}.Debug|Any CPU.Build.0 = Debug|Any CPU
		{F3FCA081-9577-471D-AA74-B3A9ECA224CA}.Release|Any CPU.ActiveCfg = Release|Any CPU
		{F3FCA081-9577-471D-AA74-B3A9ECA224CA}.Release|Any CPU.Build.0 = Release|Any CPU
		{1079035B-3182-42A5-B39C-02D758C148D1}.Debug|Any CPU.ActiveCfg = Debug|Any CPU
		{1079035B-3182-42A5-B39C-02D758C148D1}.Debug|Any CPU.Build.0 = Debug|Any CPU
		{1079035B-3182-42A5-B39C-02D758C148D1}.Release|Any CPU.ActiveCfg = Release|Any CPU
		{1079035B-3182-42A5-B39C-02D758C148D1}.Release|Any CPU.Build.0 = Release|Any CPU
		{430F66A9-E385-46CF-93C0-FC71130BFEF0}.Debug|Any CPU.ActiveCfg = Debug|Any CPU
		{430F66A9-E385-46CF-93C0-FC71130BFEF0}.Debug|Any CPU.Build.0 = Debug|Any CPU
		{430F66A9-E385-46CF-93C0-FC71130BFEF0}.Release|Any CPU.ActiveCfg = Release|Any CPU
		{430F66A9-E385-46CF-93C0-FC71130BFEF0}.Release|Any CPU.Build.0 = Release|Any CPU
		{9A37E904-E486-4F76-A41E-720E71C0F100}.Debug|Any CPU.ActiveCfg = Debug|Any CPU
		{9A37E904-E486-4F76-A41E-720E71C0F100}.Debug|Any CPU.Build.0 = Debug|Any CPU
		{9A37E904-E486-4F76-A41E-720E71C0F100}.Release|Any CPU.ActiveCfg = Release|Any CPU
		{9A37E904-E486-4F76-A41E-720E71C0F100}.Release|Any CPU.Build.0 = Release|Any CPU
		{12CCC92B-9B91-4280-9C4B-3A4F24E207CE}.Debug|Any CPU.ActiveCfg = Debug|Any CPU
		{12CCC92B-9B91-4280-9C4B-3A4F24E207CE}.Debug|Any CPU.Build.0 = Debug|Any CPU
		{12CCC92B-9B91-4280-9C4B-3A4F24E207CE}.Release|Any CPU.ActiveCfg = Release|Any CPU
		{12CCC92B-9B91-4280-9C4B-3A4F24E207CE}.Release|Any CPU.Build.0 = Release|Any CPU
		{99BB2B97-7B19-4500-B68B-07BB17855A78}.Debug|Any CPU.ActiveCfg = Debug|Any CPU
		{99BB2B97-7B19-4500-B68B-07BB17855A78}.Debug|Any CPU.Build.0 = Debug|Any CPU
		{99BB2B97-7B19-4500-B68B-07BB17855A78}.Release|Any CPU.ActiveCfg = Release|Any CPU
		{99BB2B97-7B19-4500-B68B-07BB17855A78}.Release|Any CPU.Build.0 = Release|Any CPU
		{94D41A20-334D-4B10-839B-BB333356743A}.Debug|Any CPU.ActiveCfg = Debug|Any CPU
		{94D41A20-334D-4B10-839B-BB333356743A}.Debug|Any CPU.Build.0 = Debug|Any CPU
		{94D41A20-334D-4B10-839B-BB333356743A}.Release|Any CPU.ActiveCfg = Release|Any CPU
		{94D41A20-334D-4B10-839B-BB333356743A}.Release|Any CPU.Build.0 = Release|Any CPU
		{22CC1E67-532E-46D9-B58C-79EC6D5AF56B}.Debug|Any CPU.ActiveCfg = Debug|Any CPU
		{22CC1E67-532E-46D9-B58C-79EC6D5AF56B}.Debug|Any CPU.Build.0 = Debug|Any CPU
		{22CC1E67-532E-46D9-B58C-79EC6D5AF56B}.Release|Any CPU.ActiveCfg = Release|Any CPU
		{22CC1E67-532E-46D9-B58C-79EC6D5AF56B}.Release|Any CPU.Build.0 = Release|Any CPU
		{D6C45339-7F99-405A-A2ED-4536B2C8C664}.Debug|Any CPU.ActiveCfg = Debug|Any CPU
		{D6C45339-7F99-405A-A2ED-4536B2C8C664}.Debug|Any CPU.Build.0 = Debug|Any CPU
		{D6C45339-7F99-405A-A2ED-4536B2C8C664}.Release|Any CPU.ActiveCfg = Release|Any CPU
		{D6C45339-7F99-405A-A2ED-4536B2C8C664}.Release|Any CPU.Build.0 = Release|Any CPU
		{34B3052B-32F1-4E07-BEA3-021316E9B311}.Debug|Any CPU.ActiveCfg = Debug|Any CPU
		{34B3052B-32F1-4E07-BEA3-021316E9B311}.Debug|Any CPU.Build.0 = Debug|Any CPU
		{34B3052B-32F1-4E07-BEA3-021316E9B311}.Release|Any CPU.ActiveCfg = Release|Any CPU
		{34B3052B-32F1-4E07-BEA3-021316E9B311}.Release|Any CPU.Build.0 = Release|Any CPU
		{2E851E4D-A7FE-48DF-B992-6A258C87D6F5}.Debug|Any CPU.ActiveCfg = Debug|Any CPU
		{2E851E4D-A7FE-48DF-B992-6A258C87D6F5}.Debug|Any CPU.Build.0 = Debug|Any CPU
		{2E851E4D-A7FE-48DF-B992-6A258C87D6F5}.Release|Any CPU.ActiveCfg = Release|Any CPU
		{2E851E4D-A7FE-48DF-B992-6A258C87D6F5}.Release|Any CPU.Build.0 = Release|Any CPU
		{40F1E5D6-0BA2-4244-BC8C-41AA5710C651}.Debug|Any CPU.ActiveCfg = Debug|Any CPU
		{40F1E5D6-0BA2-4244-BC8C-41AA5710C651}.Debug|Any CPU.Build.0 = Debug|Any CPU
		{40F1E5D6-0BA2-4244-BC8C-41AA5710C651}.Release|Any CPU.ActiveCfg = Release|Any CPU
		{40F1E5D6-0BA2-4244-BC8C-41AA5710C651}.Release|Any CPU.Build.0 = Release|Any CPU
		{C8637385-B3E0-41D0-AE54-5A4725C5E4D2}.Debug|Any CPU.ActiveCfg = Debug|Any CPU
		{C8637385-B3E0-41D0-AE54-5A4725C5E4D2}.Debug|Any CPU.Build.0 = Debug|Any CPU
		{C8637385-B3E0-41D0-AE54-5A4725C5E4D2}.Release|Any CPU.ActiveCfg = Release|Any CPU
		{C8637385-B3E0-41D0-AE54-5A4725C5E4D2}.Release|Any CPU.Build.0 = Release|Any CPU
	EndGlobalSection
	GlobalSection(SolutionProperties) = preSolution
		HideSolutionNode = FALSE
	EndGlobalSection
	GlobalSection(NestedProjects) = preSolution
		{5CD46B30-848C-4B7D-ACDE-C2A8F7E2D8C1} = {AB572923-2162-4954-BD87-04E76B30D6A9}
		{18E5FB68-0B4F-4C10-98AC-33B78535BF28} = {AB572923-2162-4954-BD87-04E76B30D6A9}
		{B3A142A0-5583-449E-8138-BED62B663C14} = {AB572923-2162-4954-BD87-04E76B30D6A9}
		{3F21D68F-4D36-4A50-9803-1250BD1A4637} = {AB572923-2162-4954-BD87-04E76B30D6A9}
		{9FDD1CB8-8C4C-48C8-8C70-1234A2F3F6A1} = {18E5FB68-0B4F-4C10-98AC-33B78535BF28}
		{A47F2A32-2DD2-4293-9523-0501CF5273E5} = {B3A142A0-5583-449E-8138-BED62B663C14}
		{EDF5F083-860A-4D1E-A221-9AC0BFD1A485} = {B3A142A0-5583-449E-8138-BED62B663C14}
		{5573C536-9407-41A9-A61D-A078F7995360} = {B3A142A0-5583-449E-8138-BED62B663C14}
		{12E045C0-6065-4BFC-A0ED-782CFA93D870} = {9FDD1CB8-8C4C-48C8-8C70-1234A2F3F6A1}
		{7F04B748-45E4-4F7A-9CC2-1E3419FDC7C5} = {9FDD1CB8-8C4C-48C8-8C70-1234A2F3F6A1}
		{F3FCA081-9577-471D-AA74-B3A9ECA224CA} = {9FDD1CB8-8C4C-48C8-8C70-1234A2F3F6A1}
		{1079035B-3182-42A5-B39C-02D758C148D1} = {A47F2A32-2DD2-4293-9523-0501CF5273E5}
		{430F66A9-E385-46CF-93C0-FC71130BFEF0} = {5573C536-9407-41A9-A61D-A078F7995360}
		{C1099D89-BF48-41D6-BF58-74BB1083F4E6} = {3F21D68F-4D36-4A50-9803-1250BD1A4637}
		{9A37E904-E486-4F76-A41E-720E71C0F100} = {C1099D89-BF48-41D6-BF58-74BB1083F4E6}
		{12CCC92B-9B91-4280-9C4B-3A4F24E207CE} = {18E5FB68-0B4F-4C10-98AC-33B78535BF28}
		{99BB2B97-7B19-4500-B68B-07BB17855A78} = {18E5FB68-0B4F-4C10-98AC-33B78535BF28}
		{3F7E8C34-FAB1-42BE-9627-9DC6559D6977} = {EDF5F083-860A-4D1E-A221-9AC0BFD1A485}
		{DF833E4E-C2A8-4BC9-8340-71452CD7AC5F} = {EDF5F083-860A-4D1E-A221-9AC0BFD1A485}
		{94D41A20-334D-4B10-839B-BB333356743A} = {3F7E8C34-FAB1-42BE-9627-9DC6559D6977}
		{22CC1E67-532E-46D9-B58C-79EC6D5AF56B} = {DF833E4E-C2A8-4BC9-8340-71452CD7AC5F}
		{47585881-E740-422E-9062-8D795EDA606D} = {5CD46B30-848C-4B7D-ACDE-C2A8F7E2D8C1}
		{D6C45339-7F99-405A-A2ED-4536B2C8C664} = {47585881-E740-422E-9062-8D795EDA606D}
		{72FFA9FD-0373-4F67-BB9F-627B4C634ACD} = {5CD46B30-848C-4B7D-ACDE-C2A8F7E2D8C1}
		{34B3052B-32F1-4E07-BEA3-021316E9B311} = {72FFA9FD-0373-4F67-BB9F-627B4C634ACD}
		{2E851E4D-A7FE-48DF-B992-6A258C87D6F5} = {47585881-E740-422E-9062-8D795EDA606D}
		{133E09A9-7CD7-4D14-97DC-126B4FCE082C} = {B3A142A0-5583-449E-8138-BED62B663C14}
		{40F1E5D6-0BA2-4244-BC8C-41AA5710C651} = {133E09A9-7CD7-4D14-97DC-126B4FCE082C}
		{C8637385-B3E0-41D0-AE54-5A4725C5E4D2} = {4BBA0EB6-B38C-4104-AC19-14AD10EA0BAF}
		{4BBA0EB6-B38C-4104-AC19-14AD10EA0BAF} = {B3A142A0-5583-449E-8138-BED62B663C14}
	EndGlobalSection
	GlobalSection(ExtensibilityGlobals) = postSolution
		SolutionGuid = {ED577AB4-DEAB-4882-81B4-8140B6BD66C3}
	EndGlobalSection
EndGlobal
